<?xml version="1.0" encoding="utf-8"?>
<Project ToolsVersion="4.0" xmlns="http://schemas.microsoft.com/developer/msbuild/2003">
  <ItemGroup>
    <Filter Include="Source Files">
      <UniqueIdentifier>{4FC737F1-C7A5-4376-A066-2A32D752A2FF}</UniqueIdentifier>
      <Extensions>cpp;c;cc;cxx;c++;cppm;ixx;def;odl;idl;hpj;bat;asm;asmx</Extensions>
    </Filter>
    <Filter Include="Source Files\Network">
      <UniqueIdentifier>{541cfa86-e0a4-45e9-97fe-349731f36986}</UniqueIdentifier>
    </Filter>
    <Filter Include="Source Files\Game">
      <UniqueIdentifier>{053f68d3-c801-4234-820b-0898ac0fcda2}</UniqueIdentifier>
    </Filter>
    <Filter Include="Source Files\Network\Session">
      <UniqueIdentifier>{f44568fd-afd9-483d-9703-f35088fe82bb}</UniqueIdentifier>
    </Filter>
    <Filter Include="Source Files\Network\Packet">
      <UniqueIdentifier>{c6684bf7-4b36-4acc-a683-ff78741f3301}</UniqueIdentifier>
    </Filter>
    <Filter Include="Source Files\Network\Server">
      <UniqueIdentifier>{17f2af66-87ad-4819-b1e8-c8e64fbd720a}</UniqueIdentifier>
    </Filter>
    <Filter Include="Source Files\Utils">
      <UniqueIdentifier>{bd2831f8-ef1c-49f1-856e-b8adecab7014}</UniqueIdentifier>
    </Filter>
    <Filter Include="Source Files\DB">
      <UniqueIdentifier>{279a80cf-c6df-44b5-834c-3bb024f4dc75}</UniqueIdentifier>
    </Filter>
    <Filter Include="Source Files\Common">
      <UniqueIdentifier>{a7a69939-add0-4a56-b879-98677decfb9c}</UniqueIdentifier>
    </Filter>
    <Filter Include="Source Files\Game\GameObjects">
      <UniqueIdentifier>{54a590bd-a49d-4bf5-8c7a-15c3aab5c80f}</UniqueIdentifier>
    </Filter>
    <Filter Include="Source Files\Game\GameObjects\Character">
      <UniqueIdentifier>{0966d558-393f-4cde-bc3a-30a33c8d61fe}</UniqueIdentifier>
    </Filter>
    <Filter Include="Source Files\Utils\Pch">
      <UniqueIdentifier>{3a7b361f-25be-42ce-99da-91564daa6b55}</UniqueIdentifier>
    </Filter>
    <Filter Include="Source Files\Utils\Timer">
      <UniqueIdentifier>{51b495f3-3a90-4b27-849d-85a68ddde618}</UniqueIdentifier>
    </Filter>
    <Filter Include="Source Files\Game\GameObjects\Map">
      <UniqueIdentifier>{8c3f90d3-fa86-4a55-8ae0-ca4c78604b0d}</UniqueIdentifier>
    </Filter>
    <Filter Include="Source Files\Game\GameObjects\Item">
      <UniqueIdentifier>{1abc2927-eb8d-4991-bc38-72092992a49a}</UniqueIdentifier>
    </Filter>
    <Filter Include="Source Files\Network\IOCP">
      <UniqueIdentifier>{fae4c54b-3902-48a0-9f6b-e04620347384}</UniqueIdentifier>
    </Filter>
    <Filter Include="Source Files\Game\GameObjects\DataTable">
      <UniqueIdentifier>{5410e107-ebe2-467e-a7cd-01e4c2a5ac3c}</UniqueIdentifier>
    </Filter>
  </ItemGroup>
  <ItemGroup>
    <ClInclude Include="Source\Utils\Logger.h">
      <Filter>Source Files\Utils</Filter>
    </ClInclude>
    <ClInclude Include="Source\Core\Session.h">
      <Filter>Source Files\Network\Session</Filter>
    </ClInclude>
    <ClInclude Include="Source\Core\SessionManager.h">
      <Filter>Source Files\Network\Session</Filter>
    </ClInclude>
    <ClInclude Include="Source\Core\Server.h">
      <Filter>Source Files\Network\Server</Filter>
    </ClInclude>
    <ClInclude Include="Source\Core\PacketManager.h">
      <Filter>Source Files\Network\Packet</Filter>
    </ClInclude>
    <ClInclude Include="Source\DB\DBConnection.h">
      <Filter>Source Files\DB</Filter>
    </ClInclude>
    <ClInclude Include="Source\DB\DBConnectionPool.h">
      <Filter>Source Files\DB</Filter>
    </ClInclude>
    <ClInclude Include="Source\Utils\FVector.h">
      <Filter>Source Files\Utils</Filter>
    </ClInclude>
    <ClInclude Include="Source\Utils\RandomUtils.h">
      <Filter>Source Files\Utils</Filter>
    </ClInclude>
    <ClInclude Include="Source\Common\Common.h">
      <Filter>Source Files\Common</Filter>
    </ClInclude>
    <ClInclude Include="Source\Common\DataStruct.h">
      <Filter>Source Files\Common</Filter>
    </ClInclude>
    <ClInclude Include="Source\Common\Packet.h">
      <Filter>Source Files\Common</Filter>
    </ClInclude>
    <ClInclude Include="Source\Common\Type.h">
      <Filter>Source Files\Common</Filter>
    </ClInclude>
    <ClInclude Include="Source\Core\SessionSocket.h">
      <Filter>Source Files\Network\Session</Filter>
    </ClInclude>
    <ClInclude Include="Source\Game\GameWorld.h">
      <Filter>Source Files\Game</Filter>
    </ClInclude>
    <ClInclude Include="Source\Utils\pch.h">
      <Filter>Source Files\Utils\Pch</Filter>
    </ClInclude>
    <ClInclude Include="Source\Game\Character\Character.h">
      <Filter>Source Files\Game\GameObjects\Character</Filter>
    </ClInclude>
    <ClInclude Include="Source\Game\Character\Monster.h">
      <Filter>Source Files\Game\GameObjects\Character</Filter>
    </ClInclude>
    <ClInclude Include="Source\Game\Character\Player.h">
      <Filter>Source Files\Game\GameObjects\Character</Filter>
    </ClInclude>
    <ClInclude Include="Source\Game\Item\Inventory.h">
      <Filter>Source Files\Game\GameObjects\Item</Filter>
    </ClInclude>
    <ClInclude Include="Source\Game\Item\Item.h">
      <Filter>Source Files\Game\GameObjects\Item</Filter>
    </ClInclude>
    <ClInclude Include="Source\Game\Map\BoundingBox.h">
      <Filter>Source Files\Game\GameObjects\Map</Filter>
    </ClInclude>
    <ClInclude Include="Source\Game\Map\MapZone.h">
      <Filter>Source Files\Game\GameObjects\Map</Filter>
    </ClInclude>
    <ClInclude Include="Source\Game\Map\NavMesh.h">
      <Filter>Source Files\Game\GameObjects\Map</Filter>
    </ClInclude>
    <ClInclude Include="Source\Core\IOCP\ExpOver.h">
      <Filter>Source Files\Network\IOCP</Filter>
    </ClInclude>
    <ClInclude Include="Source\Core\IOCP\IOCP.h">
      <Filter>Source Files\Network\IOCP</Filter>
    </ClInclude>
    <ClInclude Include="Source\Utils\TimerQueue.h">
      <Filter>Source Files\Utils\Timer</Filter>
    </ClInclude>
    <ClInclude Include="Source\Game\Item\InventoryItem.h">
      <Filter>Source Files\Game\GameObjects\Item</Filter>
    </ClInclude>
    <ClInclude Include="Source\Game\DataTable\ItemTable.h">
      <Filter>Source Files\Game\GameObjects\DataTable</Filter>
    </ClInclude>
    <ClInclude Include="Source\Game\DataTable\LevelStatTable.h">
      <Filter>Source Files\Game\GameObjects\DataTable</Filter>
    </ClInclude>
  </ItemGroup>
  <ItemGroup>
    <ClCompile Include="Source\Core\Session.cpp">
      <Filter>Source Files\Network\Session</Filter>
    </ClCompile>
    <ClCompile Include="Source\Core\SessionManager.cpp">
      <Filter>Source Files\Network\Session</Filter>
    </ClCompile>
    <ClCompile Include="Source\Core\Server.cpp">
      <Filter>Source Files\Network\Server</Filter>
    </ClCompile>
    <ClCompile Include="Source\Core\PacketManager.cpp">
      <Filter>Source Files\Network\Packet</Filter>
    </ClCompile>
    <ClCompile Include="Source\DB\DBConnection.cpp">
      <Filter>Source Files\DB</Filter>
    </ClCompile>
    <ClCompile Include="Source\DB\DBConnectionPool.cpp">
      <Filter>Source Files\DB</Filter>
    </ClCompile>
    <ClCompile Include="Source\ServerMain.cpp">
      <Filter>Source Files</Filter>
    </ClCompile>
    <ClCompile Include="Source\Core\SessionSocket.cpp">
      <Filter>Source Files\Network\Session</Filter>
    </ClCompile>
    <ClCompile Include="Source\Game\GameWorld.cpp">
      <Filter>Source Files\Game</Filter>
    </ClCompile>
    <ClCompile Include="Source\Utils\pch.cpp">
      <Filter>Source Files\Utils\Pch</Filter>
    </ClCompile>
    <ClCompile Include="Source\Game\Character\Character.cpp">
      <Filter>Source Files\Game\GameObjects\Character</Filter>
    </ClCompile>
    <ClCompile Include="Source\Game\Character\Monster.cpp">
      <Filter>Source Files\Game\GameObjects\Character</Filter>
    </ClCompile>
    <ClCompile Include="Source\Game\Character\Player.cpp">
      <Filter>Source Files\Game\GameObjects\Character</Filter>
    </ClCompile>
    <ClCompile Include="Source\Game\Item\Inventory.cpp">
      <Filter>Source Files\Game\GameObjects\Item</Filter>
    </ClCompile>
    <ClCompile Include="Source\Game\Item\Item.cpp">
      <Filter>Source Files\Game\GameObjects\Item</Filter>
    </ClCompile>
    <ClCompile Include="Source\Game\Map\BoundingBox.cpp">
      <Filter>Source Files\Game\GameObjects\Map</Filter>
    </ClCompile>
    <ClCompile Include="Source\Game\Map\MapZone.cpp">
      <Filter>Source Files\Game\GameObjects\Map</Filter>
    </ClCompile>
    <ClCompile Include="Source\Game\Map\NavMesh.cpp">
      <Filter>Source Files\Game\GameObjects\Map</Filter>
    </ClCompile>
    <ClCompile Include="Source\Core\IOCP\ExpOver.cpp">
      <Filter>Source Files\Network\IOCP</Filter>
    </ClCompile>
    <ClCompile Include="Source\Core\IOCP\IOCP.cpp">
      <Filter>Source Files\Network\IOCP</Filter>
    </ClCompile>
    <ClCompile Include="Source\Utils\TimerQueue.cpp">
      <Filter>Source Files\Utils\Timer</Filter>
    </ClCompile>
    <ClCompile Include="Source\Game\Item\InventoryItem.cpp">
      <Filter>Source Files\Game\GameObjects\Item</Filter>
    </ClCompile>
    <ClCompile Include="Source\Game\DataTable\ItemTable.cpp">
      <Filter>Source Files\Game\GameObjects\DataTable</Filter>
    </ClCompile>
    <ClCompile Include="Source\Game\DataTable\LevelStatTable.cpp">
      <Filter>Source Files\Game\GameObjects\DataTable</Filter>
    </ClCompile>
  </ItemGroup>
  <ItemGroup>
    <None Include="Source\Game\Map\MapJsonData\NavMeshData.json">
      <Filter>Source Files\Game\GameObjects\Map</Filter>
    </None>
    <None Include="Source\Game\Map\MapJsonData\PlaygroundNavData.json">
      <Filter>Source Files\Game\GameObjects\Map</Filter>
    </None>
  </ItemGroup>
</Project>