<?xml version="1.0" encoding="utf-8"?>
<Project ToolsVersion="4.0" xmlns="http://schemas.microsoft.com/developer/msbuild/2003">
  <ItemGroup>
    <Filter Include="Source Files">
      <UniqueIdentifier>{4FC737F1-C7A5-4376-A066-2A32D752A2FF}</UniqueIdentifier>
      <Extensions>cpp;c;cc;cxx;c++;cppm;ixx;def;odl;idl;hpj;bat;asm;asmx</Extensions>
    </Filter>
    <Filter Include="Source Files\AI">
      <UniqueIdentifier>{8bed1c9c-e55a-46a7-99f7-94d70e181c2b}</UniqueIdentifier>
    </Filter>
    <Filter Include="Source Files\Game">
      <UniqueIdentifier>{69a313a4-523d-4feb-9c0a-2d168f80f9b5}</UniqueIdentifier>
    </Filter>
    <Filter Include="Source Files\Core">
      <UniqueIdentifier>{98b06695-60b9-4e6a-8b97-b35632ccb0a7}</UniqueIdentifier>
    </Filter>
    <Filter Include="Source Files\DB">
      <UniqueIdentifier>{671db72d-bdc8-46d8-87e2-37ca52494180}</UniqueIdentifier>
    </Filter>
    <Filter Include="Source Files\IOCP">
      <UniqueIdentifier>{587d00c3-0ef6-407f-8f5b-93f266d12e80}</UniqueIdentifier>
    </Filter>
    <Filter Include="Source Files\Utils">
      <UniqueIdentifier>{39e47260-11e4-41e8-9f9b-89502358b467}</UniqueIdentifier>
    </Filter>
    <Filter Include="Source Files\Common">
      <UniqueIdentifier>{88543448-9c70-4bf9-8eb1-0c0491c3a0b9}</UniqueIdentifier>
    </Filter>
  </ItemGroup>
  <ItemGroup>
    <ClInclude Include="worldItem.h" />
    <ClInclude Include="Source\pch.h">
      <Filter>Source Files</Filter>
    </ClInclude>
    <ClInclude Include="Source\AI\BehaviorTree.h">
      <Filter>Source Files\AI</Filter>
    </ClInclude>
    <ClInclude Include="Source\Game\Character.h">
      <Filter>Source Files\Game</Filter>
    </ClInclude>
    <ClInclude Include="Source\Game\GameManager.h">
      <Filter>Source Files\Game</Filter>
    </ClInclude>
    <ClInclude Include="Source\Game\Inventory.h">
      <Filter>Source Files\Game</Filter>
    </ClInclude>
    <ClInclude Include="Source\Game\Item.h">
      <Filter>Source Files\Game</Filter>
    </ClInclude>
    <ClInclude Include="Source\Game\Monster.h">
      <Filter>Source Files\Game</Filter>
    </ClInclude>
    <ClInclude Include="Source\Game\Player.h">
      <Filter>Source Files\Game</Filter>
    </ClInclude>
    <ClInclude Include="Source\Game\TimerQueue.h">
      <Filter>Source Files\Game</Filter>
    </ClInclude>
    <ClInclude Include="Source\Core\PacketManager.h">
      <Filter>Source Files\Core</Filter>
    </ClInclude>
    <ClInclude Include="Source\Core\Server.h">
      <Filter>Source Files\Core</Filter>
    </ClInclude>
    <ClInclude Include="Source\Core\Session.h">
      <Filter>Source Files\Core</Filter>
    </ClInclude>
    <ClInclude Include="Source\Core\SessionManager.h">
      <Filter>Source Files\Core</Filter>
    </ClInclude>
    <ClInclude Include="Source\Core\SessionSocket.h">
      <Filter>Source Files\Core</Filter>
    </ClInclude>
    <ClInclude Include="Source\DB\DBConnection.h">
      <Filter>Source Files\DB</Filter>
    </ClInclude>
    <ClInclude Include="Source\DB\DBConnectionPool.h">
      <Filter>Source Files\DB</Filter>
    </ClInclude>
    <ClInclude Include="Source\IOCP\ExpOver.h">
      <Filter>Source Files\IOCP</Filter>
    </ClInclude>
    <ClInclude Include="Source\IOCP\IOCP.h">
      <Filter>Source Files\IOCP</Filter>
    </ClInclude>
    <ClInclude Include="Source\Utils\CollisionUtils.h">
      <Filter>Source Files\Utils</Filter>
    </ClInclude>
    <ClInclude Include="Source\Utils\FVector.h">
      <Filter>Source Files\Utils</Filter>
    </ClInclude>
    <ClInclude Include="Source\Utils\Logger.h">
      <Filter>Source Files\Utils</Filter>
    </ClInclude>
    <ClInclude Include="Source\Utils\RandomUtils.h">
      <Filter>Source Files\Utils</Filter>
    </ClInclude>
    <ClInclude Include="Source\Utils\Timer.h">
      <Filter>Source Files\Utils</Filter>
    </ClInclude>
    <ClInclude Include="Source\Common\Common.h">
      <Filter>Source Files\Common</Filter>
    </ClInclude>
    <ClInclude Include="Source\Common\DataStruct.h">
      <Filter>Source Files\Common</Filter>
    </ClInclude>
    <ClInclude Include="Source\Common\Packet.h">
      <Filter>Source Files\Common</Filter>
    </ClInclude>
    <ClInclude Include="Source\Common\Type.h">
      <Filter>Source Files\Common</Filter>
    </ClInclude>
  </ItemGroup>
  <ItemGroup>
    <ClCompile Include="Source\ServerMain.cpp">
      <Filter>Source Files</Filter>
    </ClCompile>
    <ClCompile Include="Source\pch.cpp">
      <Filter>Source Files</Filter>
    </ClCompile>
    <ClCompile Include="Source\AI\BehaviorTree.cpp">
      <Filter>Source Files\AI</Filter>
    </ClCompile>
    <ClCompile Include="Source\Game\Character.cpp">
      <Filter>Source Files\Game</Filter>
    </ClCompile>
    <ClCompile Include="Source\Game\GameManager.cpp">
      <Filter>Source Files\Game</Filter>
    </ClCompile>
    <ClCompile Include="Source\Game\Inventory.cpp">
      <Filter>Source Files\Game</Filter>
    </ClCompile>
    <ClCompile Include="Source\Game\Item.cpp">
      <Filter>Source Files\Game</Filter>
    </ClCompile>
    <ClCompile Include="Source\Game\Monster.cpp">
      <Filter>Source Files\Game</Filter>
    </ClCompile>
    <ClCompile Include="Source\Game\Player.cpp">
      <Filter>Source Files\Game</Filter>
    </ClCompile>
    <ClCompile Include="Source\Game\TimerQueue.cpp">
      <Filter>Source Files\Game</Filter>
    </ClCompile>
    <ClCompile Include="Source\Core\PacketManager.cpp">
      <Filter>Source Files\Core</Filter>
    </ClCompile>
    <ClCompile Include="Source\Core\Server.cpp">
      <Filter>Source Files\Core</Filter>
    </ClCompile>
    <ClCompile Include="Source\Core\Session.cpp">
      <Filter>Source Files\Core</Filter>
    </ClCompile>
    <ClCompile Include="Source\Core\SessionManager.cpp">
      <Filter>Source Files\Core</Filter>
    </ClCompile>
    <ClCompile Include="Source\Core\SessionSocket.cpp">
      <Filter>Source Files\Core</Filter>
    </ClCompile>
    <ClCompile Include="Source\DB\DBConnection.cpp">
      <Filter>Source Files\DB</Filter>
    </ClCompile>
    <ClCompile Include="Source\DB\DBConnectionPool.cpp">
      <Filter>Source Files\DB</Filter>
    </ClCompile>
    <ClCompile Include="Source\IOCP\ExpOver.cpp">
      <Filter>Source Files\IOCP</Filter>
    </ClCompile>
    <ClCompile Include="Source\IOCP\IOCP.cpp">
      <Filter>Source Files\IOCP</Filter>
    </ClCompile>
  </ItemGroup>
</Project>