<?xml version="1.0" encoding="utf-8"?>
<Project ToolsVersion="4.0" xmlns="http://schemas.microsoft.com/developer/msbuild/2003">
  <ItemGroup>
    <Filter Include="Source Files">
      <UniqueIdentifier>{4FC737F1-C7A5-4376-A066-2A32D752A2FF}</UniqueIdentifier>
      <Extensions>cpp;c;cc;cxx;c++;cppm;ixx;def;odl;idl;hpj;bat;asm;asmx</Extensions>
    </Filter>
    <Filter Include="Resource Files">
      <UniqueIdentifier>{67DA6AB6-F800-4c08-8B7A-83BB121AAD01}</UniqueIdentifier>
      <Extensions>rc;ico;cur;bmp;dlg;rc2;rct;bin;rgs;gif;jpg;jpeg;jpe;resx;tiff;tif;png;wav;mfcribbon-ms</Extensions>
    </Filter>
    <Filter Include="Source Files\Network">
      <UniqueIdentifier>{541cfa86-e0a4-45e9-97fe-349731f36986}</UniqueIdentifier>
    </Filter>
    <Filter Include="Source Files\Game">
      <UniqueIdentifier>{053f68d3-c801-4234-820b-0898ac0fcda2}</UniqueIdentifier>
    </Filter>
    <Filter Include="Source Files\Network\Session">
      <UniqueIdentifier>{f44568fd-afd9-483d-9703-f35088fe82bb}</UniqueIdentifier>
    </Filter>
    <Filter Include="Source Files\Network\Packet">
      <UniqueIdentifier>{c6684bf7-4b36-4acc-a683-ff78741f3301}</UniqueIdentifier>
    </Filter>
    <Filter Include="Source Files\Network\Server">
      <UniqueIdentifier>{17f2af66-87ad-4819-b1e8-c8e64fbd720a}</UniqueIdentifier>
    </Filter>
    <Filter Include="Source Files\Game\Character">
      <UniqueIdentifier>{0966d558-393f-4cde-bc3a-30a33c8d61fe}</UniqueIdentifier>
    </Filter>
    <Filter Include="Source Files\Utils">
      <UniqueIdentifier>{bd2831f8-ef1c-49f1-856e-b8adecab7014}</UniqueIdentifier>
    </Filter>
    <Filter Include="Source Files\DB">
      <UniqueIdentifier>{279a80cf-c6df-44b5-834c-3bb024f4dc75}</UniqueIdentifier>
    </Filter>
    <Filter Include="Source Files\Network\IOCP">
      <UniqueIdentifier>{fae4c54b-3902-48a0-9f6b-e04620347384}</UniqueIdentifier>
    </Filter>
    <Filter Include="Source Files\Game\Timer">
      <UniqueIdentifier>{51b495f3-3a90-4b27-849d-85a68ddde618}</UniqueIdentifier>
    </Filter>
    <Filter Include="Source Files\Game\GameManager">
      <UniqueIdentifier>{bd1d6e82-bb96-43a4-90bc-30181f976c65}</UniqueIdentifier>
    </Filter>
    <Filter Include="Source Files\Pch">
      <UniqueIdentifier>{3a7b361f-25be-42ce-99da-91564daa6b55}</UniqueIdentifier>
    </Filter>
  </ItemGroup>
  <ItemGroup>
    <ClInclude Include="Source\Utils\Loger.h">
      <Filter>Source Files\Utils</Filter>
    </ClInclude>
    <ClInclude Include="Source\Core\Session.h">
      <Filter>Source Files\Network\Session</Filter>
    </ClInclude>
    <ClInclude Include="Source\Core\SessionManager.h">
      <Filter>Source Files\Network\Session</Filter>
    </ClInclude>
    <ClInclude Include="Source\Core\Server.h">
      <Filter>Source Files\Network\Server</Filter>
    </ClInclude>
    <ClInclude Include="Source\Core\PacketManager.h">
      <Filter>Source Files\Network\Packet</Filter>
    </ClInclude>
    <ClInclude Include="Source\DB\DBConnection.h">
      <Filter>Source Files\DB</Filter>
    </ClInclude>
    <ClInclude Include="Source\DB\DBConnectionPool.h">
      <Filter>Source Files\DB</Filter>
    </ClInclude>
    <ClInclude Include="Source\Core\ExpOver.h">
      <Filter>Source Files\Network\IOCP</Filter>
    </ClInclude>
    <ClInclude Include="Source\Core\IOCP.h">
      <Filter>Source Files\Network\IOCP</Filter>
    </ClInclude>
    <ClInclude Include="Source\Game\Character.h">
      <Filter>Source Files\Game\Character</Filter>
    </ClInclude>
    <ClInclude Include="Source\Game\Monster.h">
      <Filter>Source Files\Game\Character</Filter>
    </ClInclude>
    <ClInclude Include="Source\Game\Player.h">
      <Filter>Source Files\Game\Character</Filter>
    </ClInclude>
    <ClInclude Include="Source\Game\TimerQueue.h">
      <Filter>Source Files\Game\Timer</Filter>
    </ClInclude>
    <ClInclude Include="Source\Game\GameManager.h">
      <Filter>Source Files\Game\GameManager</Filter>
    </ClInclude>
    <ClInclude Include="Source\Utils\Timer.h">
      <Filter>Source Files\Utils</Filter>
    </ClInclude>
    <ClInclude Include="Source\Utils\FVector.h">
      <Filter>Source Files\Utils</Filter>
    </ClInclude>
    <ClInclude Include="Source\pch.h">
      <Filter>Source Files\Pch</Filter>
    </ClInclude>
    <ClInclude Include="Source\Common\Proto.h">
      <Filter>Source Files\Network</Filter>
    </ClInclude>
    <ClInclude Include="Source\Game\CollisionUtils.h">
      <Filter>Source Files\Utils</Filter>
    </ClInclude>
    <ClInclude Include="RandomUtils.h">
      <Filter>Source Files\Utils</Filter>
    </ClInclude>
  </ItemGroup>
  <ItemGroup>
    <ClCompile Include="Source\Core\Session.cpp">
      <Filter>Source Files\Network\Session</Filter>
    </ClCompile>
    <ClCompile Include="Source\Core\SessionManager.cpp">
      <Filter>Source Files\Network\Session</Filter>
    </ClCompile>
    <ClCompile Include="Source\Core\Server.cpp">
      <Filter>Source Files\Network\Server</Filter>
    </ClCompile>
    <ClCompile Include="Source\Core\PacketManager.cpp">
      <Filter>Source Files\Network\Packet</Filter>
    </ClCompile>
    <ClCompile Include="Source\DB\DBConnection.cpp">
      <Filter>Source Files\DB</Filter>
    </ClCompile>
    <ClCompile Include="Source\DB\DBConnectionPool.cpp">
      <Filter>Source Files\DB</Filter>
    </ClCompile>
    <ClCompile Include="Source\Core\ExpOver.cpp">
      <Filter>Source Files\Network\IOCP</Filter>
    </ClCompile>
    <ClCompile Include="Source\Core\IOCP.cpp">
      <Filter>Source Files\Network\IOCP</Filter>
    </ClCompile>
    <ClCompile Include="Source\main.cpp">
      <Filter>Source Files</Filter>
    </ClCompile>
    <ClCompile Include="Source\Game\Character.cpp">
      <Filter>Source Files\Game\Character</Filter>
    </ClCompile>
    <ClCompile Include="Source\Game\Monster.cpp">
      <Filter>Source Files\Game\Character</Filter>
    </ClCompile>
    <ClCompile Include="Source\Game\Player.cpp">
      <Filter>Source Files\Game\Character</Filter>
    </ClCompile>
    <ClCompile Include="Source\Game\TimerQueue.cpp">
      <Filter>Source Files\Game\Timer</Filter>
    </ClCompile>
    <ClCompile Include="Source\Game\GameManager.cpp">
      <Filter>Source Files\Game\GameManager</Filter>
    </ClCompile>
    <ClCompile Include="Source\pch.cpp">
      <Filter>Source Files\Pch</Filter>
    </ClCompile>
  </ItemGroup>
</Project>