<?xml version="1.0" encoding="utf-8"?>
<Project ToolsVersion="4.0" xmlns="http://schemas.microsoft.com/developer/msbuild/2003">
  <ItemGroup>
    <Filter Include="소스 파일">
      <UniqueIdentifier>{4FC737F1-C7A5-4376-A066-2A32D752A2FF}</UniqueIdentifier>
      <Extensions>cpp;c;cc;cxx;c++;cppm;ixx;def;odl;idl;hpj;bat;asm;asmx</Extensions>
    </Filter>
    <Filter Include="소스 파일\PCH">
      <UniqueIdentifier>{0198502e-1345-4340-ab7e-bead8a2df816}</UniqueIdentifier>
    </Filter>
    <Filter Include="소스 파일\DummyClient">
      <UniqueIdentifier>{ed68e76c-1850-4d7c-a5e9-875606c5c28b}</UniqueIdentifier>
    </Filter>
  </ItemGroup>
  <ItemGroup>
    <ClCompile Include="Source\pch.cpp">
      <Filter>소스 파일\PCH</Filter>
    </ClCompile>
    <ClCompile Include="Source\DummyClient.cpp">
      <Filter>소스 파일\DummyClient</Filter>
    </ClCompile>
    <ClCompile Include="Source\DummyClinetManager.cpp">
      <Filter>소스 파일\DummyClient</Filter>
    </ClCompile>
    <ClCompile Include="Source\TestMain.cpp">
      <Filter>소스 파일</Filter>
    </ClCompile>
  </ItemGroup>
  <ItemGroup>
    <ClInclude Include="Source\pch.h">
      <Filter>소스 파일\PCH</Filter>
    </ClInclude>
    <ClInclude Include="Source\DummyClient.h">
      <Filter>소스 파일\DummyClient</Filter>
    </ClInclude>
    <ClInclude Include="Source\DummyClinetManager.h">
      <Filter>소스 파일\DummyClient</Filter>
    </ClInclude>
  </ItemGroup>
</Project>